
Microsoft Visual Studio Solution File, Format Version 12.00
# Visual Studio 15
VisualStudioVersion = 15.0.26124.0
MinimumVisualStudioVersion = 15.0.26124.0
Project("{FAE04EC0-301F-11D3-BF4B-00C04F79EFBC}") = "MassTransit.Core", "MassTransit.Core\MassTransit.Core.csproj", "{C0647D89-1EFC-49F7-9FA3-65D3FD9612FA}"
EndProject
Project("{FAE04EC0-301F-11D3-BF4B-00C04F79EFBC}") = "MassTransit.WebApi", "MassTransit.WebApi\MassTransit.WebApi.csproj", "{49835454-2DBE-42C2-8E40-35A129A9139F}"
EndProject
Project("{FAE04EC0-301F-11D3-BF4B-00C04F79EFBC}") = "MassTransit.Message", "MassTransit.Message\MassTransit.Message.csproj", "{62DD2E51-9330-49BB-B32D-415B823376B1}"
EndProject
Global
	GlobalSection(SolutionConfigurationPlatforms) = preSolution
		Debug|Any CPU = Debug|Any CPU
		Debug|x64 = Debug|x64
		Debug|x86 = Debug|x86
		Release|Any CPU = Release|Any CPU
		Release|x64 = Release|x64
		Release|x86 = Release|x86
	EndGlobalSection
	GlobalSection(SolutionProperties) = preSolution
		HideSolutionNode = FALSE
	EndGlobalSection
	GlobalSection(ProjectConfigurationPlatforms) = postSolution
		{C0647D89-1EFC-49F7-9FA3-65D3FD9612FA}.Debug|Any CPU.ActiveCfg = Debug|Any CPU
		{C0647D89-1EFC-49F7-9FA3-65D3FD9612FA}.Debug|Any CPU.Build.0 = Debug|Any CPU
		{C0647D89-1EFC-49F7-9FA3-65D3FD9612FA}.Debug|x64.ActiveCfg = Debug|Any CPU
		{C0647D89-1EFC-49F7-9FA3-65D3FD9612FA}.Debug|x64.Build.0 = Debug|Any CPU
		{C0647D89-1EFC-49F7-9FA3-65D3FD9612FA}.Debug|x86.ActiveCfg = Debug|Any CPU
		{C0647D89-1EFC-49F7-9FA3-65D3FD9612FA}.Debug|x86.Build.0 = Debug|Any CPU
		{C0647D89-1EFC-49F7-9FA3-65D3FD9612FA}.Release|Any CPU.ActiveCfg = Release|Any CPU
		{C0647D89-1EFC-49F7-9FA3-65D3FD9612FA}.Release|Any CPU.Build.0 = Release|Any CPU
		{C0647D89-1EFC-49F7-9FA3-65D3FD9612FA}.Release|x64.ActiveCfg = Release|Any CPU
		{C0647D89-1EFC-49F7-9FA3-65D3FD9612FA}.Release|x64.Build.0 = Release|Any CPU
		{C0647D89-1EFC-49F7-9FA3-65D3FD9612FA}.Release|x86.ActiveCfg = Release|Any CPU
		{C0647D89-1EFC-49F7-9FA3-65D3FD9612FA}.Release|x86.Build.0 = Release|Any CPU
		{49835454-2DBE-42C2-8E40-35A129A9139F}.Debug|Any CPU.ActiveCfg = Debug|Any CPU
		{49835454-2DBE-42C2-8E40-35A129A9139F}.Debug|Any CPU.Build.0 = Debug|Any CPU
		{49835454-2DBE-42C2-8E40-35A129A9139F}.Debug|x64.ActiveCfg = Debug|Any CPU
		{49835454-2DBE-42C2-8E40-35A129A9139F}.Debug|x64.Build.0 = Debug|Any CPU
		{49835454-2DBE-42C2-8E40-35A129A9139F}.Debug|x86.ActiveCfg = Debug|Any CPU
		{49835454-2DBE-42C2-8E40-35A129A9139F}.Debug|x86.Build.0 = Debug|Any CPU
		{49835454-2DBE-42C2-8E40-35A129A9139F}.Release|Any CPU.ActiveCfg = Release|Any CPU
		{49835454-2DBE-42C2-8E40-35A129A9139F}.Release|Any CPU.Build.0 = Release|Any CPU
		{49835454-2DBE-42C2-8E40-35A129A9139F}.Release|x64.ActiveCfg = Release|Any CPU
		{49835454-2DBE-42C2-8E40-35A129A9139F}.Release|x64.Build.0 = Release|Any CPU
		{49835454-2DBE-42C2-8E40-35A129A9139F}.Release|x86.ActiveCfg = Release|Any CPU
		{49835454-2DBE-42C2-8E40-35A129A9139F}.Release|x86.Build.0 = Release|Any CPU
		{62DD2E51-9330-49BB-B32D-415B823376B1}.Debug|Any CPU.ActiveCfg = Debug|Any CPU
		{62DD2E51-9330-49BB-B32D-415B823376B1}.Debug|Any CPU.Build.0 = Debug|Any CPU
		{62DD2E51-9330-49BB-B32D-415B823376B1}.Debug|x64.ActiveCfg = Debug|Any CPU
		{62DD2E51-9330-49BB-B32D-415B823376B1}.Debug|x64.Build.0 = Debug|Any CPU
		{62DD2E51-9330-49BB-B32D-415B823376B1}.Debug|x86.ActiveCfg = Debug|Any CPU
		{62DD2E51-9330-49BB-B32D-415B823376B1}.Debug|x86.Build.0 = Debug|Any CPU
		{62DD2E51-9330-49BB-B32D-415B823376B1}.Release|Any CPU.ActiveCfg = Release|Any CPU
		{62DD2E51-9330-49BB-B32D-415B823376B1}.Release|Any CPU.Build.0 = Release|Any CPU
		{62DD2E51-9330-49BB-B32D-415B823376B1}.Release|x64.ActiveCfg = Release|Any CPU
		{62DD2E51-9330-49BB-B32D-415B823376B1}.Release|x64.Build.0 = Release|Any CPU
		{62DD2E51-9330-49BB-B32D-415B823376B1}.Release|x86.ActiveCfg = Release|Any CPU
		{62DD2E51-9330-49BB-B32D-415B823376B1}.Release|x86.Build.0 = Release|Any CPU
	EndGlobalSection
EndGlobal
